// !$*UTF8*$!
{
	archiveVersion = 1;
	classes = {
	};
	objectVersion = 46;
	objects = {

/* Begin PBXBuildFile section */
		293F38C41BD871D100CB73C4 /* main.m in Sources */ = {isa = PBXBuildFile; fileRef = 293F38C31BD871D100CB73C4 /* main.m */; };
		293F38CC1BD8721500CB73C4 /* Dice.m in Sources */ = {isa = PBXBuildFile; fileRef = 293F38CB1BD8721500CB73C4 /* Dice.m */; settings = {ASSET_TAGS = (); }; };
		293F38CF1BD8745D00CB73C4 /* GameController.m in Sources */ = {isa = PBXBuildFile; fileRef = 293F38CE1BD8745D00CB73C4 /* GameController.m */; settings = {ASSET_TAGS = (); }; };
/* End PBXBuildFile section */

/* Begin PBXCopyFilesBuildPhase section */
		293F38BE1BD871D100CB73C4 /* CopyFiles */ = {
			isa = PBXCopyFilesBuildPhase;
			buildActionMask = 2147483647;
			dstPath = /usr/share/man/man1/;
			dstSubfolderSpec = 0;
			files = (
			);
			runOnlyForDeploymentPostprocessing = 1;
		};
/* End PBXCopyFilesBuildPhase section */

/* Begin PBXFileReference section */
		293F38C01BD871D100CB73C4 /* ThreelowFINAL */ = {isa = PBXFileReference; explicitFileType = "compiled.mach-o.executable"; includeInIndex = 0; path = ThreelowFINAL; sourceTree = BUILT_PRODUCTS_DIR; };
		293F38C31BD871D100CB73C4 /* main.m */ = {isa = PBXFileReference; lastKnownFileType = sourcecode.c.objc; path = main.m; sourceTree = "<group>"; };
		293F38CA1BD8721500CB73C4 /* Dice.h */ = {isa = PBXFileReference; fileEncoding = 4; lastKnownFileType = sourcecode.c.h; path = Dice.h; sourceTree = "<group>"; };
		293F38CB1BD8721500CB73C4 /* Dice.m */ = {isa = PBXFileReference; fileEncoding = 4; lastKnownFileType = sourcecode.c.objc; path = Dice.m; sourceTree = "<group>"; };
		293F38CD1BD8745D00CB73C4 /* GameController.h */ = {isa = PBXFileReference; fileEncoding = 4; lastKnownFileType = sourcecode.c.h; path = GameController.h; sourceTree = "<group>"; };
		293F38CE1BD8745D00CB73C4 /* GameController.m */ = {isa = PBXFileReference; fileEncoding = 4; lastKnownFileType = sourcecode.c.objc; path = GameController.m; sourceTree = "<group>"; };
/* End PBXFileReference section */

/* Begin PBXFrameworksBuildPhase section */
		293F38BD1BD871D100CB73C4 /* Frameworks */ = {
			isa = PBXFrameworksBuildPhase;
			buildActionMask = 2147483647;
			files = (
			);
			runOnlyForDeploymentPostprocessing = 0;
		};
/* End PBXFrameworksBuildPhase section */

/* Begin PBXGroup section */
		293F38B71BD871D100CB73C4 = {
			isa = PBXGroup;
			children = (
				293F38C21BD871D100CB73C4 /* ThreelowFINAL */,
				293F38C11BD871D100CB73C4 /* Products */,
			);
			sourceTree = "<group>";
		};
		293F38C11BD871D100CB73C4 /* Products */ = {
			isa = PBXGroup;
			children = (
				293F38C01BD871D100CB73C4 /* ThreelowFINAL */,
			);
			name = Products;
			sourceTree = "<group>";
		};
		293F38C21BD871D100CB73C4 /* ThreelowFINAL */ = {
			isa = PBXGroup;
			children = (
				293F38C31BD871D100CB73C4 /* main.m */,
				293F38CA1BD8721500CB73C4 /* Dice.h */,
				293F38CB1BD8721500CB73C4 /* Dice.m */,
				293F38CD1BD8745D00CB73C4 /* GameController.h */,
				293F38CE1BD8745D00CB73C4 /* GameController.m */,
			);
			path = ThreelowFINAL;
			sourceTree = "<group>";
		};
/* End PBXGroup section */

/* Begin PBXNativeTarget section */
		293F38BF1BD871D100CB73C4 /* ThreelowFINAL */ = {
			isa = PBXNativeTarget;
			buildConfigurationList = 293F38C71BD871D100CB73C4 /* Build configuration list for PBXNativeTarget "ThreelowFINAL" */;
			buildPhases = (
				293F38BC1BD871D100CB73C4 /* Sources */,
				293F38BD1BD871D100CB73C4 /* Frameworks */,
				293F38BE1BD871D100CB73C4 /* CopyFiles */,
			);
			buildRules = (
			);
			dependencies = (
			);
			name = ThreelowFINAL;
			productName = ThreelowFINAL;
			productReference = 293F38C01BD871D100CB73C4 /* ThreelowFINAL */;
			productType = "com.apple.product-type.tool";
		};
/* End PBXNativeTarget section */

/* Begin PBXProject section */
		293F38B81BD871D100CB73C4 /* Project object */ = {
			isa = PBXProject;
			attributes = {
				LastUpgradeCheck = 0700;
				ORGANIZATIONNAME = "Samer Rohani";
				TargetAttributes = {
					293F38BF1BD871D100CB73C4 = {
						CreatedOnToolsVersion = 7.0.1;
					};
				};
			};
			buildConfigurationList = 293F38BB1BD871D100CB73C4 /* Build configuration list for PBXProject "ThreelowFINAL" */;
			compatibilityVersion = "Xcode 3.2";
			developmentRegion = English;
			hasScannedForEncodings = 0;
			knownRegions = (
				en,
			);
			mainGroup = 293F38B71BD871D100CB73C4;
			productRefGroup = 293F38C11BD871D100CB73C4 /* Products */;
			projectDirPath = "";
			projectRoot = "";
			targets = (
				293F38BF1BD871D100CB73C4 /* ThreelowFINAL */,
			);
		};
/* End PBXProject section */

/* Begin PBXSourcesBuildPhase section */
		293F38BC1BD871D100CB73C4 /* Sources */ = {
			isa = PBXSourcesBuildPhase;
			buildActionMask = 2147483647;
			files = (
				293F38CF1BD8745D00CB73C4 /* GameController.m in Sources */,
				293F38CC1BD8721500CB73C4 /* Dice.m in Sources */,
				293F38C41BD871D100CB73C4 /* main.m in Sources */,
			);
			runOnlyForDeploymentPostprocessing = 0;
		};
/* End PBXSourcesBuildPhase section */

/* Begin XCBuildConfiguration section */
		293F38C51BD871D100CB73C4 /* Debug */ = {
			isa = XCBuildConfiguration;
			buildSettings = {
				ALWAYS_SEARCH_USER_PATHS = NO;
				CLANG_CXX_LANGUAGE_STANDARD = "gnu++0x";
				CLANG_CXX_LIBRARY = "libc++";
				CLANG_ENABLE_MODULES = YES;
				CLANG_ENABLE_OBJC_ARC = YES;
				CLANG_WARN_BOOL_CONVERSION = YES;
				CLANG_WARN_CONSTANT_CONVERSION = YES;
				CLANG_WARN_DIRECT_OBJC_ISA_USAGE = YES_ERROR;
				CLANG_WARN_EMPTY_BODY = YES;
				CLANG_WARN_ENUM_CONVERSION = YES;
				CLANG_WARN_INT_CONVERSION = YES;
				CLANG_WARN_OBJC_ROOT_CLASS = YES_ERROR;
				CLANG_WARN_UNREACHABLE_CODE = YES;
				CLANG_WARN__DUPLICATE_METHOD_MATCH = YES;
				COPY_PHASE_STRIP = NO;
				DEBUG_INFORMATION_FORMAT = dwarf;
				ENABLE_STRICT_OBJC_MSGSEND = YES;
				ENABLE_TESTABILITY = YES;
				GCC_C_LANGUAGE_STANDARD = gnu99;
				GCC_DYNAMIC_NO_PIC = NO;
				GCC_NO_COMMON_BLOCKS = YES;
				GCC_OPTIMIZATION_LEVEL = 0;
				GCC_PREPROCESSOR_DEFINITIONS = (
					"DEBUG=1",
					"$(inherited)",
				);
				GCC_WARN_64_TO_32_BIT_CONVERSION = YES;
				GCC_WARN_ABOUT_RETURN_TYPE = YES_ERROR;
				GCC_WARN_UNDECLARED_SELECTOR = YES;
				GCC_WARN_UNINITIALIZED_AUTOS = YES_AGGRESSIVE;
				GCC_WARN_UNUSED_FUNCTION = YES;
				GCC_WARN_UNUSED_VARIABLE = YES;
				MACOSX_DEPLOYMENT_TARGET = 10.11;
				MTL_ENABLE_DEBUG_INFO = YES;
				ONLY_ACTIVE_ARCH = YES;
				SDKROOT = macosx;
			};
			name = Debug;
		};
		293F38C61BD871D100CB73C4 /* Release */ = {
			isa = XCBuildConfiguration;
			buildSettings = {
				ALWAYS_SEARCH_USER_PATHS = NO;
				CLANG_CXX_LANGUAGE_STANDARD = "gnu++0x";
				CLANG_CXX_LIBRARY = "libc++";
				CLANG_ENABLE_MODULES = YES;
				CLANG_ENABLE_OBJC_ARC = YES;
				CLANG_WARN_BOOL_CONVERSION = YES;
				CLANG_WARN_CONSTANT_CONVERSION = YES;
				CLANG_WARN_DIRECT_OBJC_ISA_USAGE = YES_ERROR;
				CLANG_WARN_EMPTY_BODY = YES;
				CLANG_WARN_ENUM_CONVERSION = YES;
				CLANG_WARN_INT_CONVERSION = YES;
				CLANG_WARN_OBJC_ROOT_CLASS = YES_ERROR;
				CLANG_WARN_UNREACHABLE_CODE = YES;
				CLANG_WARN__DUPLICATE_METHOD_MATCH = YES;
				COPY_PHASE_STRIP = NO;
				DEBUG_INFORMATION_FORMAT = "dwarf-with-dsym";
				ENABLE_NS_ASSERTIONS = NO;
				ENABLE_STRICT_OBJC_MSGSEND = YES;
				GCC_C_LANGUAGE_STANDARD = gnu99;
				GCC_NO_COMMON_BLOCKS = YES;
				GCC_WARN_64_TO_32_BIT_CONVERSION = YES;
				GCC_WARN_ABOUT_RETURN_TYPE = YES_ERROR;
				GCC_WARN_UNDECLARED_SELECTOR = YES;
				GCC_WARN_UNINITIALIZED_AUTOS = YES_AGGRESSIVE;
				GCC_WARN_UNUSED_FUNCTION = YES;
				GCC_WARN_UNUSED_VARIABLE = YES;
				MACOSX_DEPLOYMENT_TARGET = 10.11;
				MTL_ENABLE_DEBUG_INFO = NO;
				SDKROOT = macosx;
			};
			name = Release;
		};
		293F38C81BD871D100CB73C4 /* Debug */ = {
			isa = XCBuildConfiguration;
			buildSettings = {
				PRODUCT_NAME = "$(TARGET_NAME)";
			};
			name = Debug;
		};
		293F38C91BD871D100CB73C4 /* Release */ = {
			isa = XCBuildConfiguration;
			buildSettings = {
				PRODUCT_NAME = "$(TARGET_NAME)";
			};
			name = Release;
		};
/* End XCBuildConfiguration section */

/* Begin XCConfigurationList section */
		293F38BB1BD871D100CB73C4 /* Build configuration list for PBXProject "ThreelowFINAL" */ = {
			isa = XCConfigurationList;
			buildConfigurations = (
				293F38C51BD871D100CB73C4 /* Debug */,
				293F38C61BD871D100CB73C4 /* Release */,
			);
			defaultConfigurationIsVisible = 0;
			defaultConfigurationName = Release;
		};
		293F38C71BD871D100CB73C4 /* Build configuration list for PBXNativeTarget "ThreelowFINAL" */ = {
			isa = XCConfigurationList;
			buildConfigurations = (
				293F38C81BD871D100CB73C4 /* Debug */,
				293F38C91BD871D100CB73C4 /* Release */,
			);
			defaultConfigurationIsVisible = 0;
		};
/* End XCConfigurationList section */
	};
	rootObject = 293F38B81BD871D100CB73C4 /* Project object */;
}
